
Microsoft Visual Studio Solution File, Format Version 12.00
# Visual Studio 15
VisualStudioVersion = 15.0.28307.329
MinimumVisualStudioVersion = 10.0.40219.1
Project("{FAE04EC0-301F-11D3-BF4B-00C04F79EFBC}") = "Lab2", "Lab2\Lab2.csproj", "{30920377-C65F-414B-AEBB-4F4FF3A36FE8}"
EndProject
Global
	GlobalSection(SolutionConfigurationPlatforms) = preSolution
		Debug|Any CPU = Debug|Any CPU
		Release|Any CPU = Release|Any CPU
	EndGlobalSection
	GlobalSection(ProjectConfigurationPlatforms) = postSolution
		{30920377-C65F-414B-AEBB-4F4FF3A36FE8}.Debug|Any CPU.ActiveCfg = Debug|Any CPU
		{30920377-C65F-414B-AEBB-4F4FF3A36FE8}.Debug|Any CPU.Build.0 = Debug|Any CPU
		{30920377-C65F-414B-AEBB-4F4FF3A36FE8}.Release|Any CPU.ActiveCfg = Release|Any CPU
		{30920377-C65F-414B-AEBB-4F4FF3A36FE8}.Release|Any CPU.Build.0 = Release|Any CPU
	EndGlobalSection
	GlobalSection(SolutionProperties) = preSolution
		HideSolutionNode = FALSE
	EndGlobalSection
	GlobalSection(ExtensibilityGlobals) = postSolution
		SolutionGuid = {D866FE66-C1E0-4035-A16E-1AB403AD07E3}
	EndGlobalSection
EndGlobal
